
Microsoft Visual Studio Solution File, Format Version 12.00
# Visual Studio Version 17
VisualStudioVersion = 17.8.34511.84
MinimumVisualStudioVersion = 10.0.40219.1
Project("{FAE04EC0-301F-11D3-BF4B-00C04F79EFBC}") = "food", "food\food.csproj", "{2AA1DD93-EB47-4E37-A327-CFF3C086378D}"
EndProject
Global
	GlobalSection(SolutionConfigurationPlatforms) = preSolution
		Debug|Any CPU = Debug|Any CPU
		Release|Any CPU = Release|Any CPU
	EndGlobalSection
	GlobalSection(ProjectConfigurationPlatforms) = postSolution
		{2AA1DD93-EB47-4E37-A327-CFF3C086378D}.Debug|Any CPU.ActiveCfg = Debug|Any CPU
		{2AA1DD93-EB47-4E37-A327-CFF3C086378D}.Debug|Any CPU.Build.0 = Debug|Any CPU
		{2AA1DD93-EB47-4E37-A327-CFF3C086378D}.Debug|Any CPU.Deploy.0 = Debug|Any CPU
		{2AA1DD93-EB47-4E37-A327-CFF3C086378D}.Release|Any CPU.ActiveCfg = Release|Any CPU
		{2AA1DD93-EB47-4E37-A327-CFF3C086378D}.Release|Any CPU.Build.0 = Release|Any CPU
		{2AA1DD93-EB47-4E37-A327-CFF3C086378D}.Release|Any CPU.Deploy.0 = Release|Any CPU
	EndGlobalSection
	GlobalSection(SolutionProperties) = preSolution
		HideSolutionNode = FALSE
	EndGlobalSection
	GlobalSection(ExtensibilityGlobals) = postSolution
		SolutionGuid = {C2E65BB2-AB0F-457A-95F9-F96F4C785BF5}
	EndGlobalSection
EndGlobal
